// !$*UTF8*$!
{
	archiveVersion = 1;
	classes = {
	};
	objectVersion = 50;
	objects = {

/* Begin PBXBuildFile section */
		B4976FDA25E2EA9600EE9254 /* AppDelegate.swift in Sources */ = {isa = PBXBuildFile; fileRef = B4976FD925E2EA9600EE9254 /* AppDelegate.swift */; };
		B4976FDC25E2EA9600EE9254 /* SceneDelegate.swift in Sources */ = {isa = PBXBuildFile; fileRef = B4976FDB25E2EA9600EE9254 /* SceneDelegate.swift */; };
		B4976FDE25E2EA9600EE9254 /* welcomeVC.swift in Sources */ = {isa = PBXBuildFile; fileRef = B4976FDD25E2EA9600EE9254 /* welcomeVC.swift */; };
		B4976FE125E2EA9600EE9254 /* Main.storyboard in Resources */ = {isa = PBXBuildFile; fileRef = B4976FDF25E2EA9600EE9254 /* Main.storyboard */; };
		B4976FE325E2EA9B00EE9254 /* Assets.xcassets in Resources */ = {isa = PBXBuildFile; fileRef = B4976FE225E2EA9B00EE9254 /* Assets.xcassets */; };
		B4976FE625E2EA9B00EE9254 /* LaunchScreen.storyboard in Resources */ = {isa = PBXBuildFile; fileRef = B4976FE425E2EA9B00EE9254 /* LaunchScreen.storyboard */; };
		B4976FF425E2EC9200EE9254 /* customButton.swift in Sources */ = {isa = PBXBuildFile; fileRef = B4976FF325E2EC9200EE9254 /* customButton.swift */; };
		B4976FF925E2F77600EE9254 /* eventTimerVC.swift in Sources */ = {isa = PBXBuildFile; fileRef = B4976FF825E2F77600EE9254 /* eventTimerVC.swift */; };
		B4976FFC25E2FC0900EE9254 /* customTextField.swift in Sources */ = {isa = PBXBuildFile; fileRef = B4976FFB25E2FC0900EE9254 /* customTextField.swift */; };
/* End PBXBuildFile section */

/* Begin PBXFileReference section */
		B4976FD625E2EA9600EE9254 /* countdown-timer.app */ = {isa = PBXFileReference; explicitFileType = wrapper.application; includeInIndex = 0; path = "countdown-timer.app"; sourceTree = BUILT_PRODUCTS_DIR; };
		B4976FD925E2EA9600EE9254 /* AppDelegate.swift */ = {isa = PBXFileReference; lastKnownFileType = sourcecode.swift; path = AppDelegate.swift; sourceTree = "<group>"; };
		B4976FDB25E2EA9600EE9254 /* SceneDelegate.swift */ = {isa = PBXFileReference; lastKnownFileType = sourcecode.swift; path = SceneDelegate.swift; sourceTree = "<group>"; };
		B4976FDD25E2EA9600EE9254 /* welcomeVC.swift */ = {isa = PBXFileReference; lastKnownFileType = sourcecode.swift; path = welcomeVC.swift; sourceTree = "<group>"; };
		B4976FE025E2EA9600EE9254 /* Base */ = {isa = PBXFileReference; lastKnownFileType = file.storyboard; name = Base; path = Base.lproj/Main.storyboard; sourceTree = "<group>"; };
		B4976FE225E2EA9B00EE9254 /* Assets.xcassets */ = {isa = PBXFileReference; lastKnownFileType = folder.assetcatalog; path = Assets.xcassets; sourceTree = "<group>"; };
		B4976FE525E2EA9B00EE9254 /* Base */ = {isa = PBXFileReference; lastKnownFileType = file.storyboard; name = Base; path = Base.lproj/LaunchScreen.storyboard; sourceTree = "<group>"; };
		B4976FE725E2EA9B00EE9254 /* Info.plist */ = {isa = PBXFileReference; lastKnownFileType = text.plist.xml; path = Info.plist; sourceTree = "<group>"; };
		B4976FF325E2EC9200EE9254 /* customButton.swift */ = {isa = PBXFileReference; lastKnownFileType = sourcecode.swift; path = customButton.swift; sourceTree = "<group>"; };
		B4976FF825E2F77600EE9254 /* eventTimerVC.swift */ = {isa = PBXFileReference; lastKnownFileType = sourcecode.swift; path = eventTimerVC.swift; sourceTree = "<group>"; };
		B4976FFB25E2FC0900EE9254 /* customTextField.swift */ = {isa = PBXFileReference; lastKnownFileType = sourcecode.swift; path = customTextField.swift; sourceTree = "<group>"; };
/* End PBXFileReference section */

/* Begin PBXFrameworksBuildPhase section */
		B4976FD325E2EA9600EE9254 /* Frameworks */ = {
			isa = PBXFrameworksBuildPhase;
			buildActionMask = 2147483647;
			files = (
			);
			runOnlyForDeploymentPostprocessing = 0;
		};
/* End PBXFrameworksBuildPhase section */

/* Begin PBXGroup section */
		B4976FCD25E2EA9600EE9254 = {
			isa = PBXGroup;
			children = (
				B4976FD825E2EA9600EE9254 /* countdown-timer */,
				B4976FD725E2EA9600EE9254 /* Products */,
			);
			sourceTree = "<group>";
		};
		B4976FD725E2EA9600EE9254 /* Products */ = {
			isa = PBXGroup;
			children = (
				B4976FD625E2EA9600EE9254 /* countdown-timer.app */,
			);
			name = Products;
			sourceTree = "<group>";
		};
		B4976FD825E2EA9600EE9254 /* countdown-timer */ = {
			isa = PBXGroup;
			children = (
				B4976FEF25E2EAB200EE9254 /* Model */,
				B4976FF025E2EAB800EE9254 /* View */,
				B4976FF125E2EABD00EE9254 /* Controller */,
				B4976FD925E2EA9600EE9254 /* AppDelegate.swift */,
				B4976FDB25E2EA9600EE9254 /* SceneDelegate.swift */,
				B4976FDF25E2EA9600EE9254 /* Main.storyboard */,
				B4976FE225E2EA9B00EE9254 /* Assets.xcassets */,
				B4976FE425E2EA9B00EE9254 /* LaunchScreen.storyboard */,
				B4976FE725E2EA9B00EE9254 /* Info.plist */,
			);
			path = "countdown-timer";
			sourceTree = "<group>";
		};
		B4976FEF25E2EAB200EE9254 /* Model */ = {
			isa = PBXGroup;
			children = (
			);
			path = Model;
			sourceTree = "<group>";
		};
		B4976FF025E2EAB800EE9254 /* View */ = {
			isa = PBXGroup;
			children = (
				B4976FF325E2EC9200EE9254 /* customButton.swift */,
				B4976FFB25E2FC0900EE9254 /* customTextField.swift */,
			);
			path = View;
			sourceTree = "<group>";
		};
		B4976FF125E2EABD00EE9254 /* Controller */ = {
			isa = PBXGroup;
			children = (
				B4976FDD25E2EA9600EE9254 /* welcomeVC.swift */,
				B4976FF825E2F77600EE9254 /* eventTimerVC.swift */,
			);
			path = Controller;
			sourceTree = "<group>";
		};
/* End PBXGroup section */

/* Begin PBXNativeTarget section */
		B4976FD525E2EA9600EE9254 /* countdown-timer */ = {
			isa = PBXNativeTarget;
			buildConfigurationList = B4976FEA25E2EA9B00EE9254 /* Build configuration list for PBXNativeTarget "countdown-timer" */;
			buildPhases = (
				B4976FD225E2EA9600EE9254 /* Sources */,
				B4976FD325E2EA9600EE9254 /* Frameworks */,
				B4976FD425E2EA9600EE9254 /* Resources */,
			);
			buildRules = (
			);
			dependencies = (
			);
			name = "countdown-timer";
			productName = "countdown-timer";
			productReference = B4976FD625E2EA9600EE9254 /* countdown-timer.app */;
			productType = "com.apple.product-type.application";
		};
/* End PBXNativeTarget section */

/* Begin PBXProject section */
		B4976FCE25E2EA9600EE9254 /* Project object */ = {
			isa = PBXProject;
			attributes = {
				LastSwiftUpdateCheck = 1230;
				LastUpgradeCheck = 1230;
				TargetAttributes = {
					B4976FD525E2EA9600EE9254 = {
						CreatedOnToolsVersion = 12.3;
					};
				};
			};
			buildConfigurationList = B4976FD125E2EA9600EE9254 /* Build configuration list for PBXProject "countdown-timer" */;
			compatibilityVersion = "Xcode 9.3";
			developmentRegion = en;
			hasScannedForEncodings = 0;
			knownRegions = (
				en,
				Base,
			);
			mainGroup = B4976FCD25E2EA9600EE9254;
			productRefGroup = B4976FD725E2EA9600EE9254 /* Products */;
			projectDirPath = "";
			projectRoot = "";
			targets = (
				B4976FD525E2EA9600EE9254 /* countdown-timer */,
			);
		};
/* End PBXProject section */

/* Begin PBXResourcesBuildPhase section */
		B4976FD425E2EA9600EE9254 /* Resources */ = {
			isa = PBXResourcesBuildPhase;
			buildActionMask = 2147483647;
			files = (
				B4976FE625E2EA9B00EE9254 /* LaunchScreen.storyboard in Resources */,
				B4976FE325E2EA9B00EE9254 /* Assets.xcassets in Resources */,
				B4976FE125E2EA9600EE9254 /* Main.storyboard in Resources */,
			);
			runOnlyForDeploymentPostprocessing = 0;
		};
/* End PBXResourcesBuildPhase section */

/* Begin PBXSourcesBuildPhase section */
		B4976FD225E2EA9600EE9254 /* Sources */ = {
			isa = PBXSourcesBuildPhase;
			buildActionMask = 2147483647;
			files = (
				B4976FF425E2EC9200EE9254 /* customButton.swift in Sources */,
				B4976FDE25E2EA9600EE9254 /* welcomeVC.swift in Sources */,
				B4976FFC25E2FC0900EE9254 /* customTextField.swift in Sources */,
				B4976FDA25E2EA9600EE9254 /* AppDelegate.swift in Sources */,
				B4976FDC25E2EA9600EE9254 /* SceneDelegate.swift in Sources */,
				B4976FF925E2F77600EE9254 /* eventTimerVC.swift in Sources */,
			);
			runOnlyForDeploymentPostprocessing = 0;
		};
/* End PBXSourcesBuildPhase section */

/* Begin PBXVariantGroup section */
		B4976FDF25E2EA9600EE9254 /* Main.storyboard */ = {
			isa = PBXVariantGroup;
			children = (
				B4976FE025E2EA9600EE9254 /* Base */,
			);
			name = Main.storyboard;
			sourceTree = "<group>";
		};
		B4976FE425E2EA9B00EE9254 /* LaunchScreen.storyboard */ = {
			isa = PBXVariantGroup;
			children = (
				B4976FE525E2EA9B00EE9254 /* Base */,
			);
			name = LaunchScreen.storyboard;
			sourceTree = "<group>";
		};
/* End PBXVariantGroup section */

/* Begin XCBuildConfiguration section */
		B4976FE825E2EA9B00EE9254 /* Debug */ = {
			isa = XCBuildConfiguration;
			buildSettings = {
				ALWAYS_SEARCH_USER_PATHS = NO;
				CLANG_ANALYZER_NONNULL = YES;
				CLANG_ANALYZER_NUMBER_OBJECT_CONVERSION = YES_AGGRESSIVE;
				CLANG_CXX_LANGUAGE_STANDARD = "gnu++14";
				CLANG_CXX_LIBRARY = "libc++";
				CLANG_ENABLE_MODULES = YES;
				CLANG_ENABLE_OBJC_ARC = YES;
				CLANG_ENABLE_OBJC_WEAK = YES;
				CLANG_WARN_BLOCK_CAPTURE_AUTORELEASING = YES;
				CLANG_WARN_BOOL_CONVERSION = YES;
				CLANG_WARN_COMMA = YES;
				CLANG_WARN_CONSTANT_CONVERSION = YES;
				CLANG_WARN_DEPRECATED_OBJC_IMPLEMENTATIONS = YES;
				CLANG_WARN_DIRECT_OBJC_ISA_USAGE = YES_ERROR;
				CLANG_WARN_DOCUMENTATION_COMMENTS = YES;
				CLANG_WARN_EMPTY_BODY = YES;
				CLANG_WARN_ENUM_CONVERSION = YES;
				CLANG_WARN_INFINITE_RECURSION = YES;
				CLANG_WARN_INT_CONVERSION = YES;
				CLANG_WARN_NON_LITERAL_NULL_CONVERSION = YES;
				CLANG_WARN_OBJC_IMPLICIT_RETAIN_SELF = YES;
				CLANG_WARN_OBJC_LITERAL_CONVERSION = YES;
				CLANG_WARN_OBJC_ROOT_CLASS = YES_ERROR;
				CLANG_WARN_QUOTED_INCLUDE_IN_FRAMEWORK_HEADER = YES;
				CLANG_WARN_RANGE_LOOP_ANALYSIS = YES;
				CLANG_WARN_STRICT_PROTOTYPES = YES;
				CLANG_WARN_SUSPICIOUS_MOVE = YES;
				CLANG_WARN_UNGUARDED_AVAILABILITY = YES_AGGRESSIVE;
				CLANG_WARN_UNREACHABLE_CODE = YES;
				CLANG_WARN__DUPLICATE_METHOD_MATCH = YES;
				COPY_PHASE_STRIP = NO;
				DEBUG_INFORMATION_FORMAT = dwarf;
				ENABLE_STRICT_OBJC_MSGSEND = YES;
				ENABLE_TESTABILITY = YES;
				GCC_C_LANGUAGE_STANDARD = gnu11;
				GCC_DYNAMIC_NO_PIC = NO;
				GCC_NO_COMMON_BLOCKS = YES;
				GCC_OPTIMIZATION_LEVEL = 0;
				GCC_PREPROCESSOR_DEFINITIONS = (
					"DEBUG=1",
					"$(inherited)",
				);
				GCC_WARN_64_TO_32_BIT_CONVERSION = YES;
				GCC_WARN_ABOUT_RETURN_TYPE = YES_ERROR;
				GCC_WARN_UNDECLARED_SELECTOR = YES;
				GCC_WARN_UNINITIALIZED_AUTOS = YES_AGGRESSIVE;
				GCC_WARN_UNUSED_FUNCTION = YES;
				GCC_WARN_UNUSED_VARIABLE = YES;
				IPHONEOS_DEPLOYMENT_TARGET = 14.3;
				MTL_ENABLE_DEBUG_INFO = INCLUDE_SOURCE;
				MTL_FAST_MATH = YES;
				ONLY_ACTIVE_ARCH = YES;
				SDKROOT = iphoneos;
				SWIFT_ACTIVE_COMPILATION_CONDITIONS = DEBUG;
				SWIFT_OPTIMIZATION_LEVEL = "-Onone";
			};
			name = Debug;
		};
		B4976FE925E2EA9B00EE9254 /* Release */ = {
			isa = XCBuildConfiguration;
			buildSettings = {
				ALWAYS_SEARCH_USER_PATHS = NO;
				CLANG_ANALYZER_NONNULL = YES;
				CLANG_ANALYZER_NUMBER_OBJECT_CONVERSION = YES_AGGRESSIVE;
				CLANG_CXX_LANGUAGE_STANDARD = "gnu++14";
				CLANG_CXX_LIBRARY = "libc++";
				CLANG_ENABLE_MODULES = YES;
				CLANG_ENABLE_OBJC_ARC = YES;
				CLANG_ENABLE_OBJC_WEAK = YES;
				CLANG_WARN_BLOCK_CAPTURE_AUTORELEASING = YES;
				CLANG_WARN_BOOL_CONVERSION = YES;
				CLANG_WARN_COMMA = YES;
				CLANG_WARN_CONSTANT_CONVERSION = YES;
				CLANG_WARN_DEPRECATED_OBJC_IMPLEMENTATIONS = YES;
				CLANG_WARN_DIRECT_OBJC_ISA_USAGE = YES_ERROR;
				CLANG_WARN_DOCUMENTATION_COMMENTS = YES;
				CLANG_WARN_EMPTY_BODY = YES;
				CLANG_WARN_ENUM_CONVERSION = YES;
				CLANG_WARN_INFINITE_RECURSION = YES;
				CLANG_WARN_INT_CONVERSION = YES;
				CLANG_WARN_NON_LITERAL_NULL_CONVERSION = YES;
				CLANG_WARN_OBJC_IMPLICIT_RETAIN_SELF = YES;
				CLANG_WARN_OBJC_LITERAL_CONVERSION = YES;
				CLANG_WARN_OBJC_ROOT_CLASS = YES_ERROR;
				CLANG_WARN_QUOTED_INCLUDE_IN_FRAMEWORK_HEADER = YES;
				CLANG_WARN_RANGE_LOOP_ANALYSIS = YES;
				CLANG_WARN_STRICT_PROTOTYPES = YES;
				CLANG_WARN_SUSPICIOUS_MOVE = YES;
				CLANG_WARN_UNGUARDED_AVAILABILITY = YES_AGGRESSIVE;
				CLANG_WARN_UNREACHABLE_CODE = YES;
				CLANG_WARN__DUPLICATE_METHOD_MATCH = YES;
				COPY_PHASE_STRIP = NO;
				DEBUG_INFORMATION_FORMAT = "dwarf-with-dsym";
				ENABLE_NS_ASSERTIONS = NO;
				ENABLE_STRICT_OBJC_MSGSEND = YES;
				GCC_C_LANGUAGE_STANDARD = gnu11;
				GCC_NO_COMMON_BLOCKS = YES;
				GCC_WARN_64_TO_32_BIT_CONVERSION = YES;
				GCC_WARN_ABOUT_RETURN_TYPE = YES_ERROR;
				GCC_WARN_UNDECLARED_SELECTOR = YES;
				GCC_WARN_UNINITIALIZED_AUTOS = YES_AGGRESSIVE;
				GCC_WARN_UNUSED_FUNCTION = YES;
				GCC_WARN_UNUSED_VARIABLE = YES;
				IPHONEOS_DEPLOYMENT_TARGET = 14.3;
				MTL_ENABLE_DEBUG_INFO = NO;
				MTL_FAST_MATH = YES;
				SDKROOT = iphoneos;
				SWIFT_COMPILATION_MODE = wholemodule;
				SWIFT_OPTIMIZATION_LEVEL = "-O";
				VALIDATE_PRODUCT = YES;
			};
			name = Release;
		};
		B4976FEB25E2EA9B00EE9254 /* Debug */ = {
			isa = XCBuildConfiguration;
			buildSettings = {
				ASSETCATALOG_COMPILER_APPICON_NAME = AppIcon;
				ASSETCATALOG_COMPILER_GLOBAL_ACCENT_COLOR_NAME = AccentColor;
				CODE_SIGN_STYLE = Automatic;
				DEVELOPMENT_TEAM = DGXU624J9L;
				INFOPLIST_FILE = "countdown-timer/Info.plist";
				LD_RUNPATH_SEARCH_PATHS = (
					"$(inherited)",
					"@executable_path/Frameworks",
				);
				PRODUCT_BUNDLE_IDENTIFIER = "aaronjohal.countdown-timer";
				PRODUCT_NAME = "$(TARGET_NAME)";
				SWIFT_VERSION = 5.0;
				TARGETED_DEVICE_FAMILY = "1,2";
			};
			name = Debug;
		};
		B4976FEC25E2EA9B00EE9254 /* Release */ = {
			isa = XCBuildConfiguration;
			buildSettings = {
				ASSETCATALOG_COMPILER_APPICON_NAME = AppIcon;
				ASSETCATALOG_COMPILER_GLOBAL_ACCENT_COLOR_NAME = AccentColor;
				CODE_SIGN_STYLE = Automatic;
				DEVELOPMENT_TEAM = DGXU624J9L;
				INFOPLIST_FILE = "countdown-timer/Info.plist";
				LD_RUNPATH_SEARCH_PATHS = (
					"$(inherited)",
					"@executable_path/Frameworks",
				);
				PRODUCT_BUNDLE_IDENTIFIER = "aaronjohal.countdown-timer";
				PRODUCT_NAME = "$(TARGET_NAME)";
				SWIFT_VERSION = 5.0;
				TARGETED_DEVICE_FAMILY = "1,2";
			};
			name = Release;
		};
/* End XCBuildConfiguration section */

/* Begin XCConfigurationList section */
		B4976FD125E2EA9600EE9254 /* Build configuration list for PBXProject "countdown-timer" */ = {
			isa = XCConfigurationList;
			buildConfigurations = (
				B4976FE825E2EA9B00EE9254 /* Debug */,
				B4976FE925E2EA9B00EE9254 /* Release */,
			);
			defaultConfigurationIsVisible = 0;
			defaultConfigurationName = Release;
		};
		B4976FEA25E2EA9B00EE9254 /* Build configuration list for PBXNativeTarget "countdown-timer" */ = {
			isa = XCConfigurationList;
			buildConfigurations = (
				B4976FEB25E2EA9B00EE9254 /* Debug */,
				B4976FEC25E2EA9B00EE9254 /* Release */,
			);
			defaultConfigurationIsVisible = 0;
			defaultConfigurationName = Release;
		};
/* End XCConfigurationList section */
	};
	rootObject = B4976FCE25E2EA9600EE9254 /* Project object */;
}
